%{
  "accept": {:hex, :accept, "0.3.5", "b33b127abca7cc948bbe6caa4c263369abf1347cfa9d8e699c6d214660f10cd1", [:rebar3], [], "hexpm", "11b18c220bcc2eab63b5470c038ef10eb6783bcb1fcdb11aa4137defa5ac1bb8"},
  "castore": {:hex, :castore, "0.1.22", "4127549e411bedd012ca3a308dede574f43819fe9394254ca55ab4895abfa1a2", [:mix], [], "hexpm", "c17576df47eb5aa1ee40cc4134316a99f5cad3e215d5c77b8dd3cfef12a22cac"},
  "cowboy": {:hex, :cowboy, "2.9.0", "865dd8b6607e14cf03282e10e934023a1bd8be6f6bacf921a7e2a96d800cd452", [:make, :rebar3], [{:cowlib, "2.11.0", [hex: :cowlib, repo: "hexpm", optional: false]}, {:ranch, "1.8.0", [hex: :ranch, repo: "hexpm", optional: false]}], "hexpm", "2c729f934b4e1aa149aff882f57c6372c15399a20d54f65c8d67bef583021bde"},
  "cowboy_telemetry": {:hex, :cowboy_telemetry, "0.4.0", "f239f68b588efa7707abce16a84d0d2acf3a0f50571f8bb7f56a15865aae820c", [:rebar3], [{:cowboy, "~> 2.7", [hex: :cowboy, repo: "hexpm", optional: false]}, {:telemetry, "~> 1.0", [hex: :telemetry, repo: "hexpm", optional: false]}], "hexpm", "7d98bac1ee4565d31b62d59f8823dfd8356a169e7fcbb83831b8a5397404c9de"},
  "cowlib": {:hex, :cowlib, "2.11.0", "0b9ff9c346629256c42ebe1eeb769a83c6cb771a6ee5960bd110ab0b9b872063", [:make, :rebar3], [], "hexpm", "2b3e9da0b21c4565751a6d4901c20d1b4cc25cbb7fd50d91d2ab6dd287bc86a9"},
  "finch": {:hex, :finch, "0.14.0", "619bfdee18fc135190bf590356c4bf5d5f71f916adb12aec94caa3fa9267a4bc", [:mix], [{:castore, "~> 0.1", [hex: :castore, repo: "hexpm", optional: false]}, {:mime, "~> 1.0 or ~> 2.0", [hex: :mime, repo: "hexpm", optional: false]}, {:mint, "~> 1.3", [hex: :mint, repo: "hexpm", optional: false]}, {:nimble_options, "~> 0.4", [hex: :nimble_options, repo: "hexpm", optional: false]}, {:nimble_pool, "~> 0.2.6", [hex: :nimble_pool, repo: "hexpm", optional: false]}, {:telemetry, "~> 0.4 or ~> 1.0", [hex: :telemetry, repo: "hexpm", optional: false]}], "hexpm", "5459acaf18c4fdb47a8c22fb3baff5d8173106217c8e56c5ba0b93e66501a8dd"},
  "google_api_monitoring": {:git, "git@github.com:akasprzok/google_api_monitoring_v3.git", "fd728167598d05c0bf886ba4f6ecb1fc21ad4851", [branch: "main"]},
  "google_gax": {:hex, :google_gax, "0.4.1", "310105070626013712c56f8007b6ff7b4ead02ecad1efe7888350c6eaba52783", [:mix], [{:mime, "~> 1.0", [hex: :mime, repo: "hexpm", optional: false]}, {:poison, ">= 3.0.0 and < 5.0.0", [hex: :poison, repo: "hexpm", optional: false]}, {:tesla, "~> 1.2", [hex: :tesla, repo: "hexpm", optional: false]}], "hexpm", "aef7dce7e04840c0e611f962475e3223d27d50ebd5e7d8e9e963c5e9e3b1ca79"},
  "goth": {:hex, :goth, "1.3.1", "f3e08a7f23ea8992ab92d2e1d5c72ea1a8fbd2fe3a46ad1b08d0620f71374fdc", [:mix], [{:finch, "~> 0.9", [hex: :finch, repo: "hexpm", optional: false]}, {:jason, "~> 1.1", [hex: :jason, repo: "hexpm", optional: false]}, {:jose, "~> 1.10", [hex: :jose, repo: "hexpm", optional: false]}], "hexpm", "90326c2c0a7acda7fb75fc4a4f0cba84945d8fcb22694d36c9967cec8949937c"},
  "hpax": {:hex, :hpax, "0.1.2", "09a75600d9d8bbd064cdd741f21fc06fc1f4cf3d0fcc335e5aa19be1a7235c84", [:mix], [], "hexpm", "2c87843d5a23f5f16748ebe77969880e29809580efdaccd615cd3bed628a8c13"},
  "jason": {:hex, :jason, "1.4.0", "e855647bc964a44e2f67df589ccf49105ae039d4179db7f6271dfd3843dc27e6", [:mix], [{:decimal, "~> 1.0 or ~> 2.0", [hex: :decimal, repo: "hexpm", optional: true]}], "hexpm", "79a3791085b2a0f743ca04cec0f7be26443738779d09302e01318f97bdb82121"},
  "jose": {:hex, :jose, "1.11.5", "3bc2d75ffa5e2c941ca93e5696b54978323191988eb8d225c2e663ddfefd515e", [:mix, :rebar3], [], "hexpm", "dcd3b215bafe02ea7c5b23dafd3eb8062a5cd8f2d904fd9caa323d37034ab384"},
  "mime": {:hex, :mime, "1.6.0", "dabde576a497cef4bbdd60aceee8160e02a6c89250d6c0b29e56c0dfb00db3d2", [:mix], [], "hexpm", "31a1a8613f8321143dde1dafc36006a17d28d02bdfecb9e95a880fa7aabd19a7"},
  "mint": {:hex, :mint, "1.4.2", "50330223429a6e1260b2ca5415f69b0ab086141bc76dc2fbf34d7c389a6675b2", [:mix], [{:castore, "~> 0.1.0", [hex: :castore, repo: "hexpm", optional: true]}, {:hpax, "~> 0.1.1", [hex: :hpax, repo: "hexpm", optional: false]}], "hexpm", "ce75a5bbcc59b4d7d8d70f8b2fc284b1751ffb35c7b6a6302b5192f8ab4ddd80"},
  "nimble_options": {:hex, :nimble_options, "0.5.2", "42703307b924880f8c08d97719da7472673391905f528259915782bb346e0a1b", [:mix], [], "hexpm", "4da7f904b915fd71db549bcdc25f8d56f378ef7ae07dc1d372cbe72ba950dce0"},
  "nimble_pool": {:hex, :nimble_pool, "0.2.6", "91f2f4c357da4c4a0a548286c84a3a28004f68f05609b4534526871a22053cde", [:mix], [], "hexpm", "1c715055095d3f2705c4e236c18b618420a35490da94149ff8b580a2144f653f"},
  "plug": {:hex, :plug, "1.14.0", "ba4f558468f69cbd9f6b356d25443d0b796fbdc887e03fa89001384a9cac638f", [:mix], [{:mime, "~> 1.0 or ~> 2.0", [hex: :mime, repo: "hexpm", optional: false]}, {:plug_crypto, "~> 1.1.1 or ~> 1.2", [hex: :plug_crypto, repo: "hexpm", optional: false]}, {:telemetry, "~> 0.4.3 or ~> 1.0", [hex: :telemetry, repo: "hexpm", optional: false]}], "hexpm", "bf020432c7d4feb7b3af16a0c2701455cbbbb95e5b6866132cb09eb0c29adc14"},
  "plug_cowboy": {:hex, :plug_cowboy, "2.6.0", "d1cf12ff96a1ca4f52207c5271a6c351a4733f413803488d75b70ccf44aebec2", [:mix], [{:cowboy, "~> 2.7", [hex: :cowboy, repo: "hexpm", optional: false]}, {:cowboy_telemetry, "~> 0.3", [hex: :cowboy_telemetry, repo: "hexpm", optional: false]}, {:plug, "~> 1.14", [hex: :plug, repo: "hexpm", optional: false]}], "hexpm", "073cf20b753ce6682ed72905cd62a2d4bd9bad1bf9f7feb02a1b8e525bd94fa6"},
  "plug_crypto": {:hex, :plug_crypto, "1.2.3", "8f77d13aeb32bfd9e654cb68f0af517b371fb34c56c9f2b58fe3df1235c1251a", [:mix], [], "hexpm", "b5672099c6ad5c202c45f5a403f21a3411247f164e4a8fab056e5cd8a290f4a2"},
  "poison": {:hex, :poison, "4.0.1", "bcb755a16fac91cad79bfe9fc3585bb07b9331e50cfe3420a24bcc2d735709ae", [:mix], [], "hexpm", "ba8836feea4b394bb718a161fc59a288fe0109b5006d6bdf97b6badfcf6f0f25"},
  "prometheus": {:hex, :prometheus, "4.10.0", "792adbf0130ff61b5fa8826f013772af24b6e57b984445c8d602c8a0355704a1", [:mix, :rebar3], [{:quantile_estimator, "~> 0.2.1", [hex: :quantile_estimator, repo: "hexpm", optional: false]}], "hexpm", "2a99bb6dce85e238c7236fde6b0064f9834dc420ddbd962aac4ea2a3c3d59384"},
  "prometheus_ex": {:git, "https://github.com/lanodan/prometheus.ex", "31f7fbe4b71b79ba27efc2a5085746c4011ceb8f", [branch: "fix/elixir-1.14"]},
  "prometheus_plugs": {:hex, :prometheus_plugs, "1.1.5", "25933d48f8af3a5941dd7b621c889749894d8a1082a6ff7c67cc99dec26377c5", [:mix], [{:accept, "~> 0.1", [hex: :accept, repo: "hexpm", optional: false]}, {:plug, "~> 1.0", [hex: :plug, repo: "hexpm", optional: false]}, {:prometheus_ex, "~> 1.1 or ~> 2.0 or ~> 3.0", [hex: :prometheus_ex, repo: "hexpm", optional: false]}, {:prometheus_process_collector, "~> 1.1", [hex: :prometheus_process_collector, repo: "hexpm", optional: true]}], "hexpm", "0273a6483ccb936d79ca19b0ab629aef0dba958697c94782bb728b920dfc6a79"},
  "quantile_estimator": {:hex, :quantile_estimator, "0.2.1", "ef50a361f11b5f26b5f16d0696e46a9e4661756492c981f7b2229ef42ff1cd15", [:rebar3], [], "hexpm", "282a8a323ca2a845c9e6f787d166348f776c1d4a41ede63046d72d422e3da946"},
  "ranch": {:hex, :ranch, "1.8.0", "8c7a100a139fd57f17327b6413e4167ac559fbc04ca7448e9be9057311597a1d", [:make, :rebar3], [], "hexpm", "49fbcfd3682fab1f5d109351b61257676da1a2fdbe295904176d5e521a2ddfe5"},
  "telemetry": {:hex, :telemetry, "1.2.1", "68fdfe8d8f05a8428483a97d7aab2f268aaff24b49e0f599faa091f1d4e7f61c", [:rebar3], [], "hexpm", "dad9ce9d8effc621708f99eac538ef1cbe05d6a874dd741de2e689c47feafed5"},
  "tesla": {:hex, :tesla, "1.5.1", "f2ba04f5e6ace0f1954f1fb4375f55809a5f2ff491c18ccb09fbc98370d4280b", [:mix], [{:castore, "~> 0.1 or ~> 1.0", [hex: :castore, repo: "hexpm", optional: true]}, {:exjsx, ">= 3.0.0", [hex: :exjsx, repo: "hexpm", optional: true]}, {:finch, "~> 0.13", [hex: :finch, repo: "hexpm", optional: true]}, {:fuse, "~> 2.4", [hex: :fuse, repo: "hexpm", optional: true]}, {:gun, "~> 1.3", [hex: :gun, repo: "hexpm", optional: true]}, {:hackney, "~> 1.6", [hex: :hackney, repo: "hexpm", optional: true]}, {:ibrowse, "4.4.0", [hex: :ibrowse, repo: "hexpm", optional: true]}, {:jason, ">= 1.0.0", [hex: :jason, repo: "hexpm", optional: true]}, {:mime, "~> 1.0 or ~> 2.0", [hex: :mime, repo: "hexpm", optional: false]}, {:mint, "~> 1.0", [hex: :mint, repo: "hexpm", optional: true]}, {:msgpax, "~> 2.3", [hex: :msgpax, repo: "hexpm", optional: true]}, {:poison, ">= 1.0.0", [hex: :poison, repo: "hexpm", optional: true]}, {:telemetry, "~> 0.4 or ~> 1.0", [hex: :telemetry, repo: "hexpm", optional: true]}], "hexpm", "2815d4f6550973d1ed65692d545d079174f6a1f8cb4775f6eb606cbc0666a9de"},
  "typed_struct": {:hex, :typed_struct, "0.3.0", "939789e3c1dca39d7170c87f729127469d1315dcf99fee8e152bb774b17e7ff7", [:mix], [], "hexpm", "c50bd5c3a61fe4e198a8504f939be3d3c85903b382bde4865579bc23111d1b6d"},
}
